
Microsoft Visual Studio Solution File, Format Version 12.00
# Visual Studio Version 16
VisualStudioVersion = 16.0.29609.76
MinimumVisualStudioVersion = 10.0.40219.1
Project("{FAE04EC0-301F-11D3-BF4B-00C04F79EFBC}") = "CloudCalculatorApp", "CloudCalculatorApp.csproj", "{8D807516-EFBC-43ED-AF1B-C58DDC45E674}"
EndProject
Global
	GlobalSection(SolutionConfigurationPlatforms) = preSolution
		Debug|Any CPU = Debug|Any CPU
		Release|Any CPU = Release|Any CPU
	EndGlobalSection
	GlobalSection(ProjectConfigurationPlatforms) = postSolution
		{8D807516-EFBC-43ED-AF1B-C58DDC45E674}.Debug|Any CPU.ActiveCfg = Debug|Any CPU
		{8D807516-EFBC-43ED-AF1B-C58DDC45E674}.Debug|Any CPU.Build.0 = Debug|Any CPU
		{8D807516-EFBC-43ED-AF1B-C58DDC45E674}.Release|Any CPU.ActiveCfg = Release|Any CPU
		{8D807516-EFBC-43ED-AF1B-C58DDC45E674}.Release|Any CPU.Build.0 = Release|Any CPU
	EndGlobalSection
	GlobalSection(SolutionProperties) = preSolution
		HideSolutionNode = FALSE
	EndGlobalSection
	GlobalSection(ExtensibilityGlobals) = postSolution
		SolutionGuid = {168E63A5-E4D1-4660-932E-43E4C6840785}
	EndGlobalSection
EndGlobal
